
Microsoft Visual Studio Solution File, Format Version 12.00
# Visual Studio Version 16
VisualStudioVersion = 16.0.29806.167
MinimumVisualStudioVersion = 10.0.40219.1
Project("{9A19103F-16F7-4668-BE54-9A1E7A4F7556}") = "BeginInvokeToAsyncAwaitApp", "BeginInvokeToAsyncAwaitApp\BeginInvokeToAsyncAwaitApp.csproj", "{687365B7-312E-4AB0-A457-7D2F7742E163}"
EndProject
Project("{FAE04EC0-301F-11D3-BF4B-00C04F79EFBC}") = "WindowsFormsApp1", "WindowsFormsApp1\WindowsFormsApp1.csproj", "{2237DAB8-F177-43BA-8B45-24C353E5FC4E}"
EndProject
Global
	GlobalSection(SolutionConfigurationPlatforms) = preSolution
		Debug|Any CPU = Debug|Any CPU
		Release|Any CPU = Release|Any CPU
	EndGlobalSection
	GlobalSection(ProjectConfigurationPlatforms) = postSolution
		{687365B7-312E-4AB0-A457-7D2F7742E163}.Debug|Any CPU.ActiveCfg = Debug|Any CPU
		{687365B7-312E-4AB0-A457-7D2F7742E163}.Debug|Any CPU.Build.0 = Debug|Any CPU
		{687365B7-312E-4AB0-A457-7D2F7742E163}.Release|Any CPU.ActiveCfg = Release|Any CPU
		{687365B7-312E-4AB0-A457-7D2F7742E163}.Release|Any CPU.Build.0 = Release|Any CPU
		{2237DAB8-F177-43BA-8B45-24C353E5FC4E}.Debug|Any CPU.ActiveCfg = Debug|Any CPU
		{2237DAB8-F177-43BA-8B45-24C353E5FC4E}.Debug|Any CPU.Build.0 = Debug|Any CPU
		{2237DAB8-F177-43BA-8B45-24C353E5FC4E}.Release|Any CPU.ActiveCfg = Release|Any CPU
		{2237DAB8-F177-43BA-8B45-24C353E5FC4E}.Release|Any CPU.Build.0 = Release|Any CPU
	EndGlobalSection
	GlobalSection(SolutionProperties) = preSolution
		HideSolutionNode = FALSE
	EndGlobalSection
	GlobalSection(ExtensibilityGlobals) = postSolution
		SolutionGuid = {54FA5AC4-061B-4F88-8100-E488E17133E8}
	EndGlobalSection
EndGlobal
